Microsoft Visual Studio Solution File, Format Version 12.00
# Visual Studio Version 17
VisualStudioVersion = 17.5.2.0
MinimumVisualStudioVersion = 10.0.40219.1
Project("{FAE04EC0-301F-11D3-BF4B-00C04F79EFBC}") = "RehearsalRoomAPI", "RehearsalRoomAPI\RehearsalRoomAPI.csproj", "{04D48E25-F01B-DF60-C73D-C5FDA212C27A}"
EndProject
Global
	GlobalSection(SolutionConfigurationPlatforms) = preSolution
		Debug|Any CPU = Debug|Any CPU
		Release|Any CPU = Release|Any CPU
	EndGlobalSection
	GlobalSection(ProjectConfigurationPlatforms) = postSolution
		{04D48E25-F01B-DF60-C73D-C5FDA212C27A}.Debug|Any CPU.ActiveCfg = Debug|Any CPU
		{04D48E25-F01B-DF60-C73D-C5FDA212C27A}.Debug|Any CPU.Build.0 = Debug|Any CPU
		{04D48E25-F01B-DF60-C73D-C5FDA212C27A}.Release|Any CPU.ActiveCfg = Release|Any CPU
		{04D48E25-F01B-DF60-C73D-C5FDA212C27A}.Release|Any CPU.Build.0 = Release|Any CPU
	EndGlobalSection
	GlobalSection(SolutionProperties) = preSolution
		HideSolutionNode = FALSE
	EndGlobalSection
	GlobalSection(ExtensibilityGlobals) = postSolution
		SolutionGuid = {1FE1DA3B-EDE4-4EC2-B80E-2FCD50EB9376}
	EndGlobalSection
EndGlobal
